<?xml version="1.0" encoding="utf-8"?>
<Project ToolsVersion="4.0" xmlns="http://schemas.microsoft.com/developer/msbuild/2003">
  <ItemGroup>
    <Filter Include="Исходные файлы">
      <UniqueIdentifier>{4FC737F1-C7A5-4376-A066-2A32D752A2FF}</UniqueIdentifier>
      <Extensions>cpp;c;cc;cxx;def;odl;idl;hpj;bat;asm;asmx</Extensions>
    </Filter>
    <Filter Include="Файлы заголовков">
      <UniqueIdentifier>{93995380-89BD-4b04-88EB-625FBE52EBFB}</UniqueIdentifier>
      <Extensions>h;hh;hpp;hxx;hm;inl;inc;xsd</Extensions>
    </Filter>
    <Filter Include="Файлы ресурсов">
      <UniqueIdentifier>{67DA6AB6-F800-4c08-8B7A-83BB121AAD01}</UniqueIdentifier>
      <Extensions>rc;ico;cur;bmp;dlg;rc2;rct;bin;rgs;gif;jpg;jpeg;jpe;resx;tiff;tif;png;wav;mfcribbon-ms</Extensions>
    </Filter>
  </ItemGroup>
  <ItemGroup>
    <ClCompile Include="main.cpp">
      <Filter>Исходные файлы</Filter>
    </ClCompile>
    <ClCompile Include="Token.cpp">
      <Filter>Исходные файлы</Filter>
    </ClCompile>
    <ClCompile Include="MyException.cpp">
      <Filter>Исходные файлы</Filter>
    </ClCompile>
    <ClCompile Include="Place.cpp">
      <Filter>Исходные файлы</Filter>
    </ClCompile>
    <ClCompile Include="TableSymbol.cpp">
      <Filter>Исходные файлы</Filter>
    </ClCompile>
    <ClCompile Include="TableID.cpp">
      <Filter>Исходные файлы</Filter>
    </ClCompile>
    <ClCompile Include="AttributeLitteral.cpp">
      <Filter>Исходные файлы</Filter>
    </ClCompile>
    <ClCompile Include="AttributeID.cpp">
      <Filter>Исходные файлы</Filter>
    </ClCompile>
    <ClCompile Include="TableServWord.cpp">
      <Filter>Исходные файлы</Filter>
    </ClCompile>
    <ClCompile Include="TableDelim.cpp">
      <Filter>Исходные файлы</Filter>
    </ClCompile>
    <ClCompile Include="operator.cpp">
      <Filter>Исходные файлы</Filter>
    </ClCompile>
    <ClCompile Include="TableLiterals.cpp">
      <Filter>Исходные файлы</Filter>
    </ClCompile>
  </ItemGroup>
  <ItemGroup>
    <ClInclude Include="Scanner.h">
      <Filter>Файлы заголовков</Filter>
    </ClInclude>
    <ClInclude Include="Token.h">
      <Filter>Файлы заголовков</Filter>
    </ClInclude>
    <ClInclude Include="MyException.h">
      <Filter>Файлы заголовков</Filter>
    </ClInclude>
    <ClInclude Include="Place.h">
      <Filter>Файлы заголовков</Filter>
    </ClInclude>
    <ClInclude Include="Buffer.h">
      <Filter>Файлы заголовков</Filter>
    </ClInclude>
    <ClInclude Include="TableSymbol.h">
      <Filter>Файлы заголовков</Filter>
    </ClInclude>
    <ClInclude Include="TableID.h">
      <Filter>Файлы заголовков</Filter>
    </ClInclude>
    <ClInclude Include="AttributeLitteral.h">
      <Filter>Файлы заголовков</Filter>
    </ClInclude>
    <ClInclude Include="AttributeID.h">
      <Filter>Файлы заголовков</Filter>
    </ClInclude>
    <ClInclude Include="TableServWord.h">
      <Filter>Файлы заголовков</Filter>
    </ClInclude>
    <ClInclude Include="TableDelim.h">
      <Filter>Файлы заголовков</Filter>
    </ClInclude>
    <ClInclude Include="operator.h">
      <Filter>Файлы заголовков</Filter>
    </ClInclude>
    <ClInclude Include="Parser.h">
      <Filter>Файлы заголовков</Filter>
    </ClInclude>
    <ClInclude Include="Interpretator.h">
      <Filter>Файлы заголовков</Filter>
    </ClInclude>
    <ClInclude Include="LexIterator.h">
      <Filter>Файлы заголовков</Filter>
    </ClInclude>
    <ClInclude Include="rules.h">
      <Filter>Файлы заголовков</Filter>
    </ClInclude>
    <ClInclude Include="Program.h">
      <Filter>Файлы заголовков</Filter>
    </ClInclude>
    <ClInclude Include="Block.h">
      <Filter>Файлы заголовков</Filter>
    </ClInclude>
    <ClInclude Include="Decls.h">
      <Filter>Файлы заголовков</Filter>
    </ClInclude>
    <ClInclude Include="Stmts.h">
      <Filter>Файлы заголовков</Filter>
    </ClInclude>
    <ClInclude Include="Decl.h">
      <Filter>Файлы заголовков</Filter>
    </ClInclude>
    <ClInclude Include="Stmt.h">
      <Filter>Файлы заголовков</Filter>
    </ClInclude>
    <ClInclude Include="TerminalSymbol.h">
      <Filter>Файлы заголовков</Filter>
    </ClInclude>
    <ClInclude Include="AssEx.h">
      <Filter>Файлы заголовков</Filter>
    </ClInclude>
    <ClInclude Include="OrEx.h">
      <Filter>Файлы заголовков</Filter>
    </ClInclude>
    <ClInclude Include="Expr.h">
      <Filter>Файлы заголовков</Filter>
    </ClInclude>
    <ClInclude Include="StmtAD.h">
      <Filter>Файлы заголовков</Filter>
    </ClInclude>
    <ClInclude Include="AndEx.h">
      <Filter>Файлы заголовков</Filter>
    </ClInclude>
    <ClInclude Include="OrExAD.h">
      <Filter>Файлы заголовков</Filter>
    </ClInclude>
    <ClInclude Include="AndExAD.h">
      <Filter>Файлы заголовков</Filter>
    </ClInclude>
    <ClInclude Include="EqualEx.h">
      <Filter>Файлы заголовков</Filter>
    </ClInclude>
    <ClInclude Include="EqualExAD.h">
      <Filter>Файлы заголовков</Filter>
    </ClInclude>
    <ClInclude Include="RelEx.h">
      <Filter>Файлы заголовков</Filter>
    </ClInclude>
    <ClInclude Include="AddEx.h">
      <Filter>Файлы заголовков</Filter>
    </ClInclude>
    <ClInclude Include="AddExAD.h">
      <Filter>Файлы заголовков</Filter>
    </ClInclude>
    <ClInclude Include="MultiEx.h">
      <Filter>Файлы заголовков</Filter>
    </ClInclude>
    <ClInclude Include="MultiExAD.h">
      <Filter>Файлы заголовков</Filter>
    </ClInclude>
    <ClInclude Include="UnaryEx.h">
      <Filter>Файлы заголовков</Filter>
    </ClInclude>
    <ClInclude Include="PostfixEx.h">
      <Filter>Файлы заголовков</Filter>
    </ClInclude>
    <ClInclude Include="PrimaryEx.h">
      <Filter>Файлы заголовков</Filter>
    </ClInclude>
    <ClInclude Include="Literal.h">
      <Filter>Файлы заголовков</Filter>
    </ClInclude>
    <ClInclude Include="TableLiterals.h">
      <Filter>Файлы заголовков</Filter>
    </ClInclude>
    <ClInclude Include="IntegerLiteral.h">
      <Filter>Файлы заголовков</Filter>
    </ClInclude>
    <ClInclude Include="BoolLiteral.h">
      <Filter>Файлы заголовков</Filter>
    </ClInclude>
    <ClInclude Include="StringLiteral.h">
      <Filter>Файлы заголовков</Filter>
    </ClInclude>
  </ItemGroup>
</Project>